
Microsoft Visual Studio Solution File, Format Version 12.00
# Visual Studio Version 17
VisualStudioVersion = 17.4.33403.182
MinimumVisualStudioVersion = 10.0.40219.1
Project("{9A19103F-16F7-4668-BE54-9A1E7A4F7556}") = "View", "Contacts\View.csproj", "{00B677D5-5221-46AA-8F4A-24DD30142FDB}"
EndProject
Global
	GlobalSection(SolutionConfigurationPlatforms) = preSolution
		Debug|Any CPU = Debug|Any CPU
		Release|Any CPU = Release|Any CPU
	EndGlobalSection
	GlobalSection(ProjectConfigurationPlatforms) = postSolution
		{00B677D5-5221-46AA-8F4A-24DD30142FDB}.Debug|Any CPU.ActiveCfg = Debug|Any CPU
		{00B677D5-5221-46AA-8F4A-24DD30142FDB}.Debug|Any CPU.Build.0 = Debug|Any CPU
		{00B677D5-5221-46AA-8F4A-24DD30142FDB}.Release|Any CPU.ActiveCfg = Release|Any CPU
		{00B677D5-5221-46AA-8F4A-24DD30142FDB}.Release|Any CPU.Build.0 = Release|Any CPU
	EndGlobalSection
	GlobalSection(SolutionProperties) = preSolution
		HideSolutionNode = FALSE
	EndGlobalSection
	GlobalSection(ExtensibilityGlobals) = postSolution
		SolutionGuid = {0A3B0DF5-BA87-49DE-BDE7-630072F22FFF}
	EndGlobalSection
EndGlobal
