
Microsoft Visual Studio Solution File, Format Version 12.00
# Visual Studio Version 17
VisualStudioVersion = 17.1.32407.343
MinimumVisualStudioVersion = 10.0.40219.1
Project("{FAE04EC0-301F-11D3-BF4B-00C04F79EFBC}") = "ListOfStudents", "ListOfStudents\ListOfStudents.csproj", "{4003DB32-5A34-430E-94F9-B6FEBB341D26}"
EndProject
Global
	GlobalSection(SolutionConfigurationPlatforms) = preSolution
		Debug|Any CPU = Debug|Any CPU
		Release|Any CPU = Release|Any CPU
	EndGlobalSection
	GlobalSection(ProjectConfigurationPlatforms) = postSolution
		{4003DB32-5A34-430E-94F9-B6FEBB341D26}.Debug|Any CPU.ActiveCfg = Debug|Any CPU
		{4003DB32-5A34-430E-94F9-B6FEBB341D26}.Debug|Any CPU.Build.0 = Debug|Any CPU
		{4003DB32-5A34-430E-94F9-B6FEBB341D26}.Release|Any CPU.ActiveCfg = Release|Any CPU
		{4003DB32-5A34-430E-94F9-B6FEBB341D26}.Release|Any CPU.Build.0 = Release|Any CPU
	EndGlobalSection
	GlobalSection(SolutionProperties) = preSolution
		HideSolutionNode = FALSE
	EndGlobalSection
	GlobalSection(ExtensibilityGlobals) = postSolution
		SolutionGuid = {4CB77712-18A5-46E6-B2AA-CBB0F51B3BB3}
	EndGlobalSection
EndGlobal
